
Microsoft Visual Studio Solution File, Format Version 12.00
# Visual Studio Version 16
VisualStudioVersion = 16.0.809.2
MinimumVisualStudioVersion = 10.0.40219.1
Project("{FAE04EC0-301F-11D3-BF4B-00C04F79EFBC}") = "PokeMatch.Android", "PokeMatch.Android\PokeMatch.Android.csproj", "{938A9483-65F4-4228-80EF-B04BE3D03E03}"
EndProject
Project("{FAE04EC0-301F-11D3-BF4B-00C04F79EFBC}") = "PokeMatch.iOS", "PokeMatch.iOS\PokeMatch.iOS.csproj", "{8089FFBC-69E3-4880-90E0-5F00277B3A86}"
EndProject
Project("{FAE04EC0-301F-11D3-BF4B-00C04F79EFBC}") = "PokeMatch", "PokeMatch\PokeMatch.csproj", "{7657309D-9050-46CE-86FF-2418548F2DFF}"
EndProject
Global
	GlobalSection(SolutionConfigurationPlatforms) = preSolution
		Debug|Any CPU = Debug|Any CPU
		Release|Any CPU = Release|Any CPU
		Debug|iPhoneSimulator = Debug|iPhoneSimulator
		Release|iPhoneSimulator = Release|iPhoneSimulator
		Debug|iPhone = Debug|iPhone
		Release|iPhone = Release|iPhone
	EndGlobalSection
	GlobalSection(ProjectConfigurationPlatforms) = postSolution
		{938A9483-65F4-4228-80EF-B04BE3D03E03}.Debug|Any CPU.ActiveCfg = Debug|Any CPU
		{938A9483-65F4-4228-80EF-B04BE3D03E03}.Debug|Any CPU.Build.0 = Debug|Any CPU
		{938A9483-65F4-4228-80EF-B04BE3D03E03}.Release|Any CPU.ActiveCfg = Release|Any CPU
		{938A9483-65F4-4228-80EF-B04BE3D03E03}.Release|Any CPU.Build.0 = Release|Any CPU
		{938A9483-65F4-4228-80EF-B04BE3D03E03}.Debug|iPhoneSimulator.ActiveCfg = Debug|Any CPU
		{938A9483-65F4-4228-80EF-B04BE3D03E03}.Debug|iPhoneSimulator.Build.0 = Debug|Any CPU
		{938A9483-65F4-4228-80EF-B04BE3D03E03}.Release|iPhoneSimulator.ActiveCfg = Release|Any CPU
		{938A9483-65F4-4228-80EF-B04BE3D03E03}.Release|iPhoneSimulator.Build.0 = Release|Any CPU
		{938A9483-65F4-4228-80EF-B04BE3D03E03}.Debug|iPhone.ActiveCfg = Debug|Any CPU
		{938A9483-65F4-4228-80EF-B04BE3D03E03}.Debug|iPhone.Build.0 = Debug|Any CPU
		{938A9483-65F4-4228-80EF-B04BE3D03E03}.Release|iPhone.ActiveCfg = Release|Any CPU
		{938A9483-65F4-4228-80EF-B04BE3D03E03}.Release|iPhone.Build.0 = Release|Any CPU
		{8089FFBC-69E3-4880-90E0-5F00277B3A86}.Debug|Any CPU.ActiveCfg = Debug|iPhoneSimulator
		{8089FFBC-69E3-4880-90E0-5F00277B3A86}.Debug|Any CPU.Build.0 = Debug|iPhoneSimulator
		{8089FFBC-69E3-4880-90E0-5F00277B3A86}.Release|Any CPU.ActiveCfg = Release|iPhoneSimulator
		{8089FFBC-69E3-4880-90E0-5F00277B3A86}.Release|Any CPU.Build.0 = Release|iPhoneSimulator
		{8089FFBC-69E3-4880-90E0-5F00277B3A86}.Debug|iPhoneSimulator.ActiveCfg = Debug|iPhoneSimulator
		{8089FFBC-69E3-4880-90E0-5F00277B3A86}.Debug|iPhoneSimulator.Build.0 = Debug|iPhoneSimulator
		{8089FFBC-69E3-4880-90E0-5F00277B3A86}.Release|iPhoneSimulator.ActiveCfg = Release|iPhoneSimulator
		{8089FFBC-69E3-4880-90E0-5F00277B3A86}.Release|iPhoneSimulator.Build.0 = Release|iPhoneSimulator
		{8089FFBC-69E3-4880-90E0-5F00277B3A86}.Debug|iPhone.ActiveCfg = Debug|iPhone
		{8089FFBC-69E3-4880-90E0-5F00277B3A86}.Debug|iPhone.Build.0 = Debug|iPhone
		{8089FFBC-69E3-4880-90E0-5F00277B3A86}.Release|iPhone.ActiveCfg = Release|iPhone
		{8089FFBC-69E3-4880-90E0-5F00277B3A86}.Release|iPhone.Build.0 = Release|iPhone
		{7657309D-9050-46CE-86FF-2418548F2DFF}.Debug|Any CPU.ActiveCfg = Debug|Any CPU
		{7657309D-9050-46CE-86FF-2418548F2DFF}.Debug|Any CPU.Build.0 = Debug|Any CPU
		{7657309D-9050-46CE-86FF-2418548F2DFF}.Release|Any CPU.ActiveCfg = Release|Any CPU
		{7657309D-9050-46CE-86FF-2418548F2DFF}.Release|Any CPU.Build.0 = Release|Any CPU
		{7657309D-9050-46CE-86FF-2418548F2DFF}.Debug|iPhoneSimulator.ActiveCfg = Debug|Any CPU
		{7657309D-9050-46CE-86FF-2418548F2DFF}.Debug|iPhoneSimulator.Build.0 = Debug|Any CPU
		{7657309D-9050-46CE-86FF-2418548F2DFF}.Release|iPhoneSimulator.ActiveCfg = Release|Any CPU
		{7657309D-9050-46CE-86FF-2418548F2DFF}.Release|iPhoneSimulator.Build.0 = Release|Any CPU
		{7657309D-9050-46CE-86FF-2418548F2DFF}.Debug|iPhone.ActiveCfg = Debug|Any CPU
		{7657309D-9050-46CE-86FF-2418548F2DFF}.Debug|iPhone.Build.0 = Debug|Any CPU
		{7657309D-9050-46CE-86FF-2418548F2DFF}.Release|iPhone.ActiveCfg = Release|Any CPU
		{7657309D-9050-46CE-86FF-2418548F2DFF}.Release|iPhone.Build.0 = Release|Any CPU
	EndGlobalSection
	GlobalSection(SolutionProperties) = preSolution
		HideSolutionNode = FALSE
	EndGlobalSection
	GlobalSection(ExtensibilityGlobals) = postSolution
		SolutionGuid = {F60401EE-20ED-4942-9EB2-0F8AE97C93B9}
	EndGlobalSection
EndGlobal
